// !$*UTF8*$!
{
	archiveVersion = 1;
	classes = {
	};
	objectVersion = 50;
	objects = {

/* Begin PBXBuildFile section */
		2208D825215072AF001821C0 /* PickerViewHelper.swift in Sources */ = {isa = PBXBuildFile; fileRef = 2208D824215072AF001821C0 /* PickerViewHelper.swift */; };
		2208D82721507F36001821C0 /* ChooseTallViewController.swift in Sources */ = {isa = PBXBuildFile; fileRef = 2208D82621507F36001821C0 /* ChooseTallViewController.swift */; };
		22164773214F7BAC00A29AC9 /* AppDelegate.swift in Sources */ = {isa = PBXBuildFile; fileRef = 22164772214F7BAC00A29AC9 /* AppDelegate.swift */; };
		22164778214F7BAC00A29AC9 /* Main.storyboard in Resources */ = {isa = PBXBuildFile; fileRef = 22164776214F7BAC00A29AC9 /* Main.storyboard */; };
		2216477B214F7BAC00A29AC9 /* MyHealth.xcdatamodeld in Sources */ = {isa = PBXBuildFile; fileRef = 22164779214F7BAC00A29AC9 /* MyHealth.xcdatamodeld */; };
		22164780214F7BAD00A29AC9 /* LaunchScreen.storyboard in Resources */ = {isa = PBXBuildFile; fileRef = 2216477E214F7BAD00A29AC9 /* LaunchScreen.storyboard */; };
		22164789214F7D9100A29AC9 /* MainViewController.swift in Sources */ = {isa = PBXBuildFile; fileRef = 22164788214F7D9100A29AC9 /* MainViewController.swift */; };
		2216478D214F931100A29AC9 /* Assets.xcassets in Resources */ = {isa = PBXBuildFile; fileRef = 2216478C214F931100A29AC9 /* Assets.xcassets */; };
		2228721F2154EE1000C9457D /* ChooseActivityLevelViewController.swift in Sources */ = {isa = PBXBuildFile; fileRef = 2228721E2154EE1000C9457D /* ChooseActivityLevelViewController.swift */; };
		222872222154F5EC00C9457D /* ChoosePlanGoalViewController.swift in Sources */ = {isa = PBXBuildFile; fileRef = 222872212154F5EC00C9457D /* ChoosePlanGoalViewController.swift */; };
		2257DD072154973200725EAB /* User.swift in Sources */ = {isa = PBXBuildFile; fileRef = 2257DD062154973200725EAB /* User.swift */; };
		2257DD0921549C1500725EAB /* NotificationName.swift in Sources */ = {isa = PBXBuildFile; fileRef = 2257DD0821549C1500725EAB /* NotificationName.swift */; };
		226773DB214FFC12004577F7 /* ChooseBirthDayViewController.swift in Sources */ = {isa = PBXBuildFile; fileRef = 226773DA214FFC12004577F7 /* ChooseBirthDayViewController.swift */; };
		226EFFF62151D01A00218E51 /* ChooseWeightCurrentAndGoalViewController.swift in Sources */ = {isa = PBXBuildFile; fileRef = 226EFFF52151D01A00218E51 /* ChooseWeightCurrentAndGoalViewController.swift */; };
		226EFFF82151D63900218E51 /* ChooseGenderViewController.swift in Sources */ = {isa = PBXBuildFile; fileRef = 226EFFF72151D63900218E51 /* ChooseGenderViewController.swift */; };
		226EFFFA2151D65B00218E51 /* ChooseGoalViewController.swift in Sources */ = {isa = PBXBuildFile; fileRef = 226EFFF92151D65B00218E51 /* ChooseGoalViewController.swift */; };
		226EFFFC2151EDF100218E51 /* UIColor+Utilities.swift in Sources */ = {isa = PBXBuildFile; fileRef = 226EFFFB2151EDF100218E51 /* UIColor+Utilities.swift */; };
/* End PBXBuildFile section */

/* Begin PBXFileReference section */
		2208D824215072AF001821C0 /* PickerViewHelper.swift */ = {isa = PBXFileReference; lastKnownFileType = sourcecode.swift; path = PickerViewHelper.swift; sourceTree = "<group>"; };
		2208D82621507F36001821C0 /* ChooseTallViewController.swift */ = {isa = PBXFileReference; lastKnownFileType = sourcecode.swift; path = ChooseTallViewController.swift; sourceTree = "<group>"; };
		2216476F214F7BAC00A29AC9 /* MyHealth.app */ = {isa = PBXFileReference; explicitFileType = wrapper.application; includeInIndex = 0; path = MyHealth.app; sourceTree = BUILT_PRODUCTS_DIR; };
		22164772214F7BAC00A29AC9 /* AppDelegate.swift */ = {isa = PBXFileReference; lastKnownFileType = sourcecode.swift; path = AppDelegate.swift; sourceTree = "<group>"; };
		22164777214F7BAC00A29AC9 /* Base */ = {isa = PBXFileReference; lastKnownFileType = file.storyboard; name = Base; path = Base.lproj/Main.storyboard; sourceTree = "<group>"; };
		2216477A214F7BAC00A29AC9 /* MyHealth.xcdatamodel */ = {isa = PBXFileReference; lastKnownFileType = wrapper.xcdatamodel; path = MyHealth.xcdatamodel; sourceTree = "<group>"; };
		2216477F214F7BAD00A29AC9 /* Base */ = {isa = PBXFileReference; lastKnownFileType = file.storyboard; name = Base; path = Base.lproj/LaunchScreen.storyboard; sourceTree = "<group>"; };
		22164781214F7BAD00A29AC9 /* Info.plist */ = {isa = PBXFileReference; lastKnownFileType = text.plist.xml; path = Info.plist; sourceTree = "<group>"; };
		22164788214F7D9100A29AC9 /* MainViewController.swift */ = {isa = PBXFileReference; lastKnownFileType = sourcecode.swift; path = MainViewController.swift; sourceTree = "<group>"; };
		2216478C214F931100A29AC9 /* Assets.xcassets */ = {isa = PBXFileReference; lastKnownFileType = folder.assetcatalog; path = Assets.xcassets; sourceTree = "<group>"; };
		2228721E2154EE1000C9457D /* ChooseActivityLevelViewController.swift */ = {isa = PBXFileReference; lastKnownFileType = sourcecode.swift; path = ChooseActivityLevelViewController.swift; sourceTree = "<group>"; };
		222872212154F5EC00C9457D /* ChoosePlanGoalViewController.swift */ = {isa = PBXFileReference; lastKnownFileType = sourcecode.swift; path = ChoosePlanGoalViewController.swift; sourceTree = "<group>"; };
		2257DD062154973200725EAB /* User.swift */ = {isa = PBXFileReference; lastKnownFileType = sourcecode.swift; path = User.swift; sourceTree = "<group>"; };
		2257DD0821549C1500725EAB /* NotificationName.swift */ = {isa = PBXFileReference; lastKnownFileType = sourcecode.swift; path = NotificationName.swift; sourceTree = "<group>"; };
		226773DA214FFC12004577F7 /* ChooseBirthDayViewController.swift */ = {isa = PBXFileReference; lastKnownFileType = sourcecode.swift; path = ChooseBirthDayViewController.swift; sourceTree = "<group>"; };
		226EFFF52151D01A00218E51 /* ChooseWeightCurrentAndGoalViewController.swift */ = {isa = PBXFileReference; lastKnownFileType = sourcecode.swift; path = ChooseWeightCurrentAndGoalViewController.swift; sourceTree = "<group>"; };
		226EFFF72151D63900218E51 /* ChooseGenderViewController.swift */ = {isa = PBXFileReference; lastKnownFileType = sourcecode.swift; path = ChooseGenderViewController.swift; sourceTree = "<group>"; };
		226EFFF92151D65B00218E51 /* ChooseGoalViewController.swift */ = {isa = PBXFileReference; lastKnownFileType = sourcecode.swift; path = ChooseGoalViewController.swift; sourceTree = "<group>"; };
		226EFFFB2151EDF100218E51 /* UIColor+Utilities.swift */ = {isa = PBXFileReference; lastKnownFileType = sourcecode.swift; path = "UIColor+Utilities.swift"; sourceTree = "<group>"; };
/* End PBXFileReference section */

/* Begin PBXFrameworksBuildPhase section */
		2216476C214F7BAC00A29AC9 /* Frameworks */ = {
			isa = PBXFrameworksBuildPhase;
			buildActionMask = 2147483647;
			files = (
			);
			runOnlyForDeploymentPostprocessing = 0;
		};
/* End PBXFrameworksBuildPhase section */

/* Begin PBXGroup section */
		2208D82221507273001821C0 /* Service */ = {
			isa = PBXGroup;
			children = (
				2208D8232150728C001821C0 /* PickerViewHelper */,
			);
			path = Service;
			sourceTree = "<group>";
		};
		2208D8232150728C001821C0 /* PickerViewHelper */ = {
			isa = PBXGroup;
			children = (
				2208D824215072AF001821C0 /* PickerViewHelper.swift */,
			);
			path = PickerViewHelper;
			sourceTree = "<group>";
		};
		22164766214F7BAC00A29AC9 = {
			isa = PBXGroup;
			children = (
				22164771214F7BAC00A29AC9 /* MyHealth */,
				22164770214F7BAC00A29AC9 /* Products */,
			);
			sourceTree = "<group>";
		};
		22164770214F7BAC00A29AC9 /* Products */ = {
			isa = PBXGroup;
			children = (
				2216476F214F7BAC00A29AC9 /* MyHealth.app */,
			);
			name = Products;
			sourceTree = "<group>";
		};
		22164771214F7BAC00A29AC9 /* MyHealth */ = {
			isa = PBXGroup;
			children = (
				2216478A214F7DB400A29AC9 /* AppSettings */,
				2208D82221507273001821C0 /* Service */,
				2257DD05215496D300725EAB /* Model */,
				22164787214F7D1900A29AC9 /* MainVC */,
				2216478B214F7F5A00A29AC9 /* Supporting Files */,
			);
			path = MyHealth;
			sourceTree = "<group>";
		};
		22164787214F7D1900A29AC9 /* MainVC */ = {
			isa = PBXGroup;
			children = (
				222872202154EE1500C9457D /* InputInformationPerson */,
				22164776214F7BAC00A29AC9 /* Main.storyboard */,
				22164788214F7D9100A29AC9 /* MainViewController.swift */,
			);
			path = MainVC;
			sourceTree = "<group>";
		};
		2216478A214F7DB400A29AC9 /* AppSettings */ = {
			isa = PBXGroup;
			children = (
				22164772214F7BAC00A29AC9 /* AppDelegate.swift */,
			);
			path = AppSettings;
			sourceTree = "<group>";
		};
		2216478B214F7F5A00A29AC9 /* Supporting Files */ = {
			isa = PBXGroup;
			children = (
				2257DD0821549C1500725EAB /* NotificationName.swift */,
				226EFFFB2151EDF100218E51 /* UIColor+Utilities.swift */,
				2216478C214F931100A29AC9 /* Assets.xcassets */,
				2216477E214F7BAD00A29AC9 /* LaunchScreen.storyboard */,
				22164781214F7BAD00A29AC9 /* Info.plist */,
				22164779214F7BAC00A29AC9 /* MyHealth.xcdatamodeld */,
			);
			path = "Supporting Files";
			sourceTree = "<group>";
		};
		222872202154EE1500C9457D /* InputInformationPerson */ = {
			isa = PBXGroup;
			children = (
				226EFFF72151D63900218E51 /* ChooseGenderViewController.swift */,
				226EFFF92151D65B00218E51 /* ChooseGoalViewController.swift */,
				2228721E2154EE1000C9457D /* ChooseActivityLevelViewController.swift */,
				226773DA214FFC12004577F7 /* ChooseBirthDayViewController.swift */,
				2208D82621507F36001821C0 /* ChooseTallViewController.swift */,
				226EFFF52151D01A00218E51 /* ChooseWeightCurrentAndGoalViewController.swift */,
				222872212154F5EC00C9457D /* ChoosePlanGoalViewController.swift */,
			);
			path = InputInformationPerson;
			sourceTree = "<group>";
		};
		2257DD05215496D300725EAB /* Model */ = {
			isa = PBXGroup;
			children = (
				2257DD062154973200725EAB /* User.swift */,
			);
			path = Model;
			sourceTree = "<group>";
		};
/* End PBXGroup section */

/* Begin PBXNativeTarget section */
		2216476E214F7BAC00A29AC9 /* MyHealth */ = {
			isa = PBXNativeTarget;
			buildConfigurationList = 22164784214F7BAD00A29AC9 /* Build configuration list for PBXNativeTarget "MyHealth" */;
			buildPhases = (
				2216476B214F7BAC00A29AC9 /* Sources */,
				2216476C214F7BAC00A29AC9 /* Frameworks */,
				2216476D214F7BAC00A29AC9 /* Resources */,
			);
			buildRules = (
			);
			dependencies = (
			);
			name = MyHealth;
			productName = MyHealth;
			productReference = 2216476F214F7BAC00A29AC9 /* MyHealth.app */;
			productType = "com.apple.product-type.application";
		};
/* End PBXNativeTarget section */

/* Begin PBXProject section */
		22164767214F7BAC00A29AC9 /* Project object */ = {
			isa = PBXProject;
			attributes = {
				LastSwiftUpdateCheck = 0940;
				LastUpgradeCheck = 0940;
				ORGANIZATIONNAME = "Do Hoang Viet";
				TargetAttributes = {
					2216476E214F7BAC00A29AC9 = {
						CreatedOnToolsVersion = 9.4.1;
					};
				};
			};
			buildConfigurationList = 2216476A214F7BAC00A29AC9 /* Build configuration list for PBXProject "MyHealth" */;
			compatibilityVersion = "Xcode 9.3";
			developmentRegion = en;
			hasScannedForEncodings = 0;
			knownRegions = (
				en,
				Base,
			);
			mainGroup = 22164766214F7BAC00A29AC9;
			productRefGroup = 22164770214F7BAC00A29AC9 /* Products */;
			projectDirPath = "";
			projectRoot = "";
			targets = (
				2216476E214F7BAC00A29AC9 /* MyHealth */,
			);
		};
/* End PBXProject section */

/* Begin PBXResourcesBuildPhase section */
		2216476D214F7BAC00A29AC9 /* Resources */ = {
			isa = PBXResourcesBuildPhase;
			buildActionMask = 2147483647;
			files = (
				22164780214F7BAD00A29AC9 /* LaunchScreen.storyboard in Resources */,
				2216478D214F931100A29AC9 /* Assets.xcassets in Resources */,
				22164778214F7BAC00A29AC9 /* Main.storyboard in Resources */,
			);
			runOnlyForDeploymentPostprocessing = 0;
		};
/* End PBXResourcesBuildPhase section */

/* Begin PBXSourcesBuildPhase section */
		2216476B214F7BAC00A29AC9 /* Sources */ = {
			isa = PBXSourcesBuildPhase;
			buildActionMask = 2147483647;
			files = (
				226EFFFC2151EDF100218E51 /* UIColor+Utilities.swift in Sources */,
				2257DD0921549C1500725EAB /* NotificationName.swift in Sources */,
				226EFFF82151D63900218E51 /* ChooseGenderViewController.swift in Sources */,
				2208D825215072AF001821C0 /* PickerViewHelper.swift in Sources */,
				226773DB214FFC12004577F7 /* ChooseBirthDayViewController.swift in Sources */,
				222872222154F5EC00C9457D /* ChoosePlanGoalViewController.swift in Sources */,
				226EFFFA2151D65B00218E51 /* ChooseGoalViewController.swift in Sources */,
				2228721F2154EE1000C9457D /* ChooseActivityLevelViewController.swift in Sources */,
				2216477B214F7BAC00A29AC9 /* MyHealth.xcdatamodeld in Sources */,
				22164773214F7BAC00A29AC9 /* AppDelegate.swift in Sources */,
				2208D82721507F36001821C0 /* ChooseTallViewController.swift in Sources */,
				22164789214F7D9100A29AC9 /* MainViewController.swift in Sources */,
				226EFFF62151D01A00218E51 /* ChooseWeightCurrentAndGoalViewController.swift in Sources */,
				2257DD072154973200725EAB /* User.swift in Sources */,
			);
			runOnlyForDeploymentPostprocessing = 0;
		};
/* End PBXSourcesBuildPhase section */

/* Begin PBXVariantGroup section */
		22164776214F7BAC00A29AC9 /* Main.storyboard */ = {
			isa = PBXVariantGroup;
			children = (
				22164777214F7BAC00A29AC9 /* Base */,
			);
			name = Main.storyboard;
			sourceTree = "<group>";
		};
		2216477E214F7BAD00A29AC9 /* LaunchScreen.storyboard */ = {
			isa = PBXVariantGroup;
			children = (
				2216477F214F7BAD00A29AC9 /* Base */,
			);
			name = LaunchScreen.storyboard;
			sourceTree = "<group>";
		};
/* End PBXVariantGroup section */

/* Begin XCBuildConfiguration section */
		22164782214F7BAD00A29AC9 /* Debug */ = {
			isa = XCBuildConfiguration;
			buildSettings = {
				ALWAYS_SEARCH_USER_PATHS = NO;
				CLANG_ANALYZER_NONNULL = YES;
				CLANG_ANALYZER_NUMBER_OBJECT_CONVERSION = YES_AGGRESSIVE;
				CLANG_CXX_LANGUAGE_STANDARD = "gnu++14";
				CLANG_CXX_LIBRARY = "libc++";
				CLANG_ENABLE_MODULES = YES;
				CLANG_ENABLE_OBJC_ARC = YES;
				CLANG_ENABLE_OBJC_WEAK = YES;
				CLANG_WARN_BLOCK_CAPTURE_AUTORELEASING = YES;
				CLANG_WARN_BOOL_CONVERSION = YES;
				CLANG_WARN_COMMA = YES;
				CLANG_WARN_CONSTANT_CONVERSION = YES;
				CLANG_WARN_DEPRECATED_OBJC_IMPLEMENTATIONS = YES;
				CLANG_WARN_DIRECT_OBJC_ISA_USAGE = YES_ERROR;
				CLANG_WARN_DOCUMENTATION_COMMENTS = YES;
				CLANG_WARN_EMPTY_BODY = YES;
				CLANG_WARN_ENUM_CONVERSION = YES;
				CLANG_WARN_INFINITE_RECURSION = YES;
				CLANG_WARN_INT_CONVERSION = YES;
				CLANG_WARN_NON_LITERAL_NULL_CONVERSION = YES;
				CLANG_WARN_OBJC_IMPLICIT_RETAIN_SELF = YES;
				CLANG_WARN_OBJC_LITERAL_CONVERSION = YES;
				CLANG_WARN_OBJC_ROOT_CLASS = YES_ERROR;
				CLANG_WARN_RANGE_LOOP_ANALYSIS = YES;
				CLANG_WARN_STRICT_PROTOTYPES = YES;
				CLANG_WARN_SUSPICIOUS_MOVE = YES;
				CLANG_WARN_UNGUARDED_AVAILABILITY = YES_AGGRESSIVE;
				CLANG_WARN_UNREACHABLE_CODE = YES;
				CLANG_WARN__DUPLICATE_METHOD_MATCH = YES;
				CODE_SIGN_IDENTITY = "iPhone Developer";
				COPY_PHASE_STRIP = NO;
				DEBUG_INFORMATION_FORMAT = dwarf;
				ENABLE_STRICT_OBJC_MSGSEND = YES;
				ENABLE_TESTABILITY = YES;
				GCC_C_LANGUAGE_STANDARD = gnu11;
				GCC_DYNAMIC_NO_PIC = NO;
				GCC_NO_COMMON_BLOCKS = YES;
				GCC_OPTIMIZATION_LEVEL = 0;
				GCC_PREPROCESSOR_DEFINITIONS = (
					"DEBUG=1",
					"$(inherited)",
				);
				GCC_WARN_64_TO_32_BIT_CONVERSION = YES;
				GCC_WARN_ABOUT_RETURN_TYPE = YES_ERROR;
				GCC_WARN_UNDECLARED_SELECTOR = YES;
				GCC_WARN_UNINITIALIZED_AUTOS = YES_AGGRESSIVE;
				GCC_WARN_UNUSED_FUNCTION = YES;
				GCC_WARN_UNUSED_VARIABLE = YES;
				IPHONEOS_DEPLOYMENT_TARGET = 11.4;
				MTL_ENABLE_DEBUG_INFO = YES;
				ONLY_ACTIVE_ARCH = YES;
				SDKROOT = iphoneos;
				SWIFT_ACTIVE_COMPILATION_CONDITIONS = DEBUG;
				SWIFT_OPTIMIZATION_LEVEL = "-Onone";
			};
			name = Debug;
		};
		22164783214F7BAD00A29AC9 /* Release */ = {
			isa = XCBuildConfiguration;
			buildSettings = {
				ALWAYS_SEARCH_USER_PATHS = NO;
				CLANG_ANALYZER_NONNULL = YES;
				CLANG_ANALYZER_NUMBER_OBJECT_CONVERSION = YES_AGGRESSIVE;
				CLANG_CXX_LANGUAGE_STANDARD = "gnu++14";
				CLANG_CXX_LIBRARY = "libc++";
				CLANG_ENABLE_MODULES = YES;
				CLANG_ENABLE_OBJC_ARC = YES;
				CLANG_ENABLE_OBJC_WEAK = YES;
				CLANG_WARN_BLOCK_CAPTURE_AUTORELEASING = YES;
				CLANG_WARN_BOOL_CONVERSION = YES;
				CLANG_WARN_COMMA = YES;
				CLANG_WARN_CONSTANT_CONVERSION = YES;
				CLANG_WARN_DEPRECATED_OBJC_IMPLEMENTATIONS = YES;
				CLANG_WARN_DIRECT_OBJC_ISA_USAGE = YES_ERROR;
				CLANG_WARN_DOCUMENTATION_COMMENTS = YES;
				CLANG_WARN_EMPTY_BODY = YES;
				CLANG_WARN_ENUM_CONVERSION = YES;
				CLANG_WARN_INFINITE_RECURSION = YES;
				CLANG_WARN_INT_CONVERSION = YES;
				CLANG_WARN_NON_LITERAL_NULL_CONVERSION = YES;
				CLANG_WARN_OBJC_IMPLICIT_RETAIN_SELF = YES;
				CLANG_WARN_OBJC_LITERAL_CONVERSION = YES;
				CLANG_WARN_OBJC_ROOT_CLASS = YES_ERROR;
				CLANG_WARN_RANGE_LOOP_ANALYSIS = YES;
				CLANG_WARN_STRICT_PROTOTYPES = YES;
				CLANG_WARN_SUSPICIOUS_MOVE = YES;
				CLANG_WARN_UNGUARDED_AVAILABILITY = YES_AGGRESSIVE;
				CLANG_WARN_UNREACHABLE_CODE = YES;
				CLANG_WARN__DUPLICATE_METHOD_MATCH = YES;
				CODE_SIGN_IDENTITY = "iPhone Developer";
				COPY_PHASE_STRIP = NO;
				DEBUG_INFORMATION_FORMAT = "dwarf-with-dsym";
				ENABLE_NS_ASSERTIONS = NO;
				ENABLE_STRICT_OBJC_MSGSEND = YES;
				GCC_C_LANGUAGE_STANDARD = gnu11;
				GCC_NO_COMMON_BLOCKS = YES;
				GCC_WARN_64_TO_32_BIT_CONVERSION = YES;
				GCC_WARN_ABOUT_RETURN_TYPE = YES_ERROR;
				GCC_WARN_UNDECLARED_SELECTOR = YES;
				GCC_WARN_UNINITIALIZED_AUTOS = YES_AGGRESSIVE;
				GCC_WARN_UNUSED_FUNCTION = YES;
				GCC_WARN_UNUSED_VARIABLE = YES;
				IPHONEOS_DEPLOYMENT_TARGET = 11.4;
				MTL_ENABLE_DEBUG_INFO = NO;
				SDKROOT = iphoneos;
				SWIFT_COMPILATION_MODE = wholemodule;
				SWIFT_OPTIMIZATION_LEVEL = "-O";
				VALIDATE_PRODUCT = YES;
			};
			name = Release;
		};
		22164785214F7BAD00A29AC9 /* Debug */ = {
			isa = XCBuildConfiguration;
			buildSettings = {
				ASSETCATALOG_COMPILER_APPICON_NAME = AppIcon;
				CODE_SIGN_STYLE = Automatic;
				DEVELOPMENT_TEAM = K6265BR55C;
				INFOPLIST_FILE = "MyHealth/Supporting Files/Info.plist";
				LD_RUNPATH_SEARCH_PATHS = (
					"$(inherited)",
					"@executable_path/Frameworks",
				);
				PRODUCT_BUNDLE_IDENTIFIER = dhv.MyHealth;
				PRODUCT_NAME = "$(TARGET_NAME)";
				SWIFT_VERSION = 4.0;
				TARGETED_DEVICE_FAMILY = "1,2";
			};
			name = Debug;
		};
		22164786214F7BAD00A29AC9 /* Release */ = {
			isa = XCBuildConfiguration;
			buildSettings = {
				ASSETCATALOG_COMPILER_APPICON_NAME = AppIcon;
				CODE_SIGN_STYLE = Automatic;
				DEVELOPMENT_TEAM = K6265BR55C;
				INFOPLIST_FILE = "MyHealth/Supporting Files/Info.plist";
				LD_RUNPATH_SEARCH_PATHS = (
					"$(inherited)",
					"@executable_path/Frameworks",
				);
				PRODUCT_BUNDLE_IDENTIFIER = dhv.MyHealth;
				PRODUCT_NAME = "$(TARGET_NAME)";
				SWIFT_VERSION = 4.0;
				TARGETED_DEVICE_FAMILY = "1,2";
			};
			name = Release;
		};
/* End XCBuildConfiguration section */

/* Begin XCConfigurationList section */
		2216476A214F7BAC00A29AC9 /* Build configuration list for PBXProject "MyHealth" */ = {
			isa = XCConfigurationList;
			buildConfigurations = (
				22164782214F7BAD00A29AC9 /* Debug */,
				22164783214F7BAD00A29AC9 /* Release */,
			);
			defaultConfigurationIsVisible = 0;
			defaultConfigurationName = Release;
		};
		22164784214F7BAD00A29AC9 /* Build configuration list for PBXNativeTarget "MyHealth" */ = {
			isa = XCConfigurationList;
			buildConfigurations = (
				22164785214F7BAD00A29AC9 /* Debug */,
				22164786214F7BAD00A29AC9 /* Release */,
			);
			defaultConfigurationIsVisible = 0;
			defaultConfigurationName = Release;
		};
/* End XCConfigurationList section */

/* Begin XCVersionGroup section */
		22164779214F7BAC00A29AC9 /* MyHealth.xcdatamodeld */ = {
			isa = XCVersionGroup;
			children = (
				2216477A214F7BAC00A29AC9 /* MyHealth.xcdatamodel */,
			);
			currentVersion = 2216477A214F7BAC00A29AC9 /* MyHealth.xcdatamodel */;
			path = MyHealth.xcdatamodeld;
			sourceTree = "<group>";
			versionGroupType = wrapper.xcdatamodel;
		};
/* End XCVersionGroup section */
	};
	rootObject = 22164767214F7BAC00A29AC9 /* Project object */;
}
